// !$*UTF8*$!
{
	archiveVersion = 1;
	classes = {
	};
	objectVersion = 46;
	objects = {

/* Begin PBXBuildFile section */
		27180A8D19CFBD3100B02501 /* SearchResultCell.m in Sources */ = {isa = PBXBuildFile; fileRef = 27180A8B19CFBD3100B02501 /* SearchResultCell.m */; };
		27180A8E19CFBD3100B02501 /* SearchResultCell.xib in Resources */ = {isa = PBXBuildFile; fileRef = 27180A8C19CFBD3100B02501 /* SearchResultCell.xib */; };
		27180A9219CFF21F00B02501 /* SearchResult.m in Sources */ = {isa = PBXBuildFile; fileRef = 27180A9119CFF21F00B02501 /* SearchResult.m */; };
		27180A9519D1409200B02501 /* Filter.m in Sources */ = {isa = PBXBuildFile; fileRef = 27180A9419D1409200B02501 /* Filter.m */; };
		27180A9919D24EE000B02501 /* MapViewController.m in Sources */ = {isa = PBXBuildFile; fileRef = 27180A9719D24EE000B02501 /* MapViewController.m */; };
		27180A9A19D24EE000B02501 /* MapViewController.xib in Resources */ = {isa = PBXBuildFile; fileRef = 27180A9819D24EE000B02501 /* MapViewController.xib */; };
		27CD107719CA94B60024315F /* main.m in Sources */ = {isa = PBXBuildFile; fileRef = 27CD107619CA94B60024315F /* main.m */; };
		27CD107A19CA94B60024315F /* AppDelegate.m in Sources */ = {isa = PBXBuildFile; fileRef = 27CD107919CA94B60024315F /* AppDelegate.m */; };
		27CD108219CA94B60024315F /* Images.xcassets in Resources */ = {isa = PBXBuildFile; fileRef = 27CD108119CA94B60024315F /* Images.xcassets */; };
		27CD109119CA94B60024315F /* YelpTests.m in Sources */ = {isa = PBXBuildFile; fileRef = 27CD109019CA94B60024315F /* YelpTests.m */; };
		27CD109E19CA97650024315F /* YelpClient.m in Sources */ = {isa = PBXBuildFile; fileRef = 27CD109D19CA97650024315F /* YelpClient.m */; };
		27CD10A219CAA1CE0024315F /* SearchListViewController.m in Sources */ = {isa = PBXBuildFile; fileRef = 27CD10A019CAA1CE0024315F /* SearchListViewController.m */; };
		27CD10A319CAA1CE0024315F /* SearchListViewController.xib in Resources */ = {isa = PBXBuildFile; fileRef = 27CD10A119CAA1CE0024315F /* SearchListViewController.xib */; };
		27CD10A719CEB6EC0024315F /* FilterViewController.m in Sources */ = {isa = PBXBuildFile; fileRef = 27CD10A519CEB6EC0024315F /* FilterViewController.m */; };
		27CD10A819CEB6EC0024315F /* FilterViewController.xib in Resources */ = {isa = PBXBuildFile; fileRef = 27CD10A619CEB6EC0024315F /* FilterViewController.xib */; };
		D501AC476C9C43E9A89D13EB /* libPods.a in Frameworks */ = {isa = PBXBuildFile; fileRef = 2BC1FC8BF8EB4CDE9E6DF83D /* libPods.a */; };
/* End PBXBuildFile section */

/* Begin PBXContainerItemProxy section */
		27CD108B19CA94B60024315F /* PBXContainerItemProxy */ = {
			isa = PBXContainerItemProxy;
			containerPortal = 27CD106919CA94B60024315F /* Project object */;
			proxyType = 1;
			remoteGlobalIDString = 27CD107019CA94B60024315F;
			remoteInfo = Yelp;
		};
/* End PBXContainerItemProxy section */

/* Begin PBXFileReference section */
		27180A8A19CFBD3100B02501 /* SearchResultCell.h */ = {isa = PBXFileReference; fileEncoding = 4; lastKnownFileType = sourcecode.c.h; path = SearchResultCell.h; sourceTree = "<group>"; };
		27180A8B19CFBD3100B02501 /* SearchResultCell.m */ = {isa = PBXFileReference; fileEncoding = 4; lastKnownFileType = sourcecode.c.objc; path = SearchResultCell.m; sourceTree = "<group>"; };
		27180A8C19CFBD3100B02501 /* SearchResultCell.xib */ = {isa = PBXFileReference; fileEncoding = 4; lastKnownFileType = file.xib; path = SearchResultCell.xib; sourceTree = "<group>"; };
		27180A9019CFF21F00B02501 /* SearchResult.h */ = {isa = PBXFileReference; fileEncoding = 4; lastKnownFileType = sourcecode.c.h; path = SearchResult.h; sourceTree = "<group>"; };
		27180A9119CFF21F00B02501 /* SearchResult.m */ = {isa = PBXFileReference; fileEncoding = 4; lastKnownFileType = sourcecode.c.objc; path = SearchResult.m; sourceTree = "<group>"; };
		27180A9319D1409200B02501 /* Filter.h */ = {isa = PBXFileReference; fileEncoding = 4; lastKnownFileType = sourcecode.c.h; path = Filter.h; sourceTree = "<group>"; };
		27180A9419D1409200B02501 /* Filter.m */ = {isa = PBXFileReference; fileEncoding = 4; lastKnownFileType = sourcecode.c.objc; path = Filter.m; sourceTree = "<group>"; };
		27180A9619D24EE000B02501 /* MapViewController.h */ = {isa = PBXFileReference; fileEncoding = 4; lastKnownFileType = sourcecode.c.h; path = MapViewController.h; sourceTree = "<group>"; };
		27180A9719D24EE000B02501 /* MapViewController.m */ = {isa = PBXFileReference; fileEncoding = 4; lastKnownFileType = sourcecode.c.objc; path = MapViewController.m; sourceTree = "<group>"; };
		27180A9819D24EE000B02501 /* MapViewController.xib */ = {isa = PBXFileReference; fileEncoding = 4; lastKnownFileType = file.xib; path = MapViewController.xib; sourceTree = "<group>"; };
		27CD107119CA94B60024315F /* Yelp.app */ = {isa = PBXFileReference; explicitFileType = wrapper.application; includeInIndex = 0; path = Yelp.app; sourceTree = BUILT_PRODUCTS_DIR; };
		27CD107519CA94B60024315F /* Info.plist */ = {isa = PBXFileReference; lastKnownFileType = text.plist.xml; path = Info.plist; sourceTree = "<group>"; };
		27CD107619CA94B60024315F /* main.m */ = {isa = PBXFileReference; lastKnownFileType = sourcecode.c.objc; path = main.m; sourceTree = "<group>"; };
		27CD107819CA94B60024315F /* AppDelegate.h */ = {isa = PBXFileReference; lastKnownFileType = sourcecode.c.h; path = AppDelegate.h; sourceTree = "<group>"; };
		27CD107919CA94B60024315F /* AppDelegate.m */ = {isa = PBXFileReference; lastKnownFileType = sourcecode.c.objc; path = AppDelegate.m; sourceTree = "<group>"; };
		27CD108119CA94B60024315F /* Images.xcassets */ = {isa = PBXFileReference; lastKnownFileType = folder.assetcatalog; path = Images.xcassets; sourceTree = "<group>"; };
		27CD108A19CA94B60024315F /* YelpTests.xctest */ = {isa = PBXFileReference; explicitFileType = wrapper.cfbundle; includeInIndex = 0; path = YelpTests.xctest; sourceTree = BUILT_PRODUCTS_DIR; };
		27CD108F19CA94B60024315F /* Info.plist */ = {isa = PBXFileReference; lastKnownFileType = text.plist.xml; path = Info.plist; sourceTree = "<group>"; };
		27CD109019CA94B60024315F /* YelpTests.m */ = {isa = PBXFileReference; lastKnownFileType = sourcecode.c.objc; path = YelpTests.m; sourceTree = "<group>"; };
		27CD109C19CA97650024315F /* YelpClient.h */ = {isa = PBXFileReference; fileEncoding = 4; lastKnownFileType = sourcecode.c.h; path = YelpClient.h; sourceTree = "<group>"; };
		27CD109D19CA97650024315F /* YelpClient.m */ = {isa = PBXFileReference; fileEncoding = 4; lastKnownFileType = sourcecode.c.objc; path = YelpClient.m; sourceTree = "<group>"; };
		27CD109F19CAA1CE0024315F /* SearchListViewController.h */ = {isa = PBXFileReference; fileEncoding = 4; lastKnownFileType = sourcecode.c.h; path = SearchListViewController.h; sourceTree = "<group>"; };
		27CD10A019CAA1CE0024315F /* SearchListViewController.m */ = {isa = PBXFileReference; fileEncoding = 4; lastKnownFileType = sourcecode.c.objc; path = SearchListViewController.m; sourceTree = "<group>"; };
		27CD10A119CAA1CE0024315F /* SearchListViewController.xib */ = {isa = PBXFileReference; fileEncoding = 4; lastKnownFileType = file.xib; path = SearchListViewController.xib; sourceTree = "<group>"; };
		27CD10A419CEB6EC0024315F /* FilterViewController.h */ = {isa = PBXFileReference; fileEncoding = 4; lastKnownFileType = sourcecode.c.h; path = FilterViewController.h; sourceTree = "<group>"; };
		27CD10A519CEB6EC0024315F /* FilterViewController.m */ = {isa = PBXFileReference; fileEncoding = 4; lastKnownFileType = sourcecode.c.objc; path = FilterViewController.m; sourceTree = "<group>"; };
		27CD10A619CEB6EC0024315F /* FilterViewController.xib */ = {isa = PBXFileReference; fileEncoding = 4; lastKnownFileType = file.xib; path = FilterViewController.xib; sourceTree = "<group>"; };
		2BC1FC8BF8EB4CDE9E6DF83D /* libPods.a */ = {isa = PBXFileReference; explicitFileType = archive.ar; includeInIndex = 0; path = libPods.a; sourceTree = BUILT_PRODUCTS_DIR; };
		8E7291224479421499D5ECD1 /* Pods.xcconfig */ = {isa = PBXFileReference; includeInIndex = 1; lastKnownFileType = text.xcconfig; name = Pods.xcconfig; path = Pods/Pods.xcconfig; sourceTree = "<group>"; };
/* End PBXFileReference section */

/* Begin PBXFrameworksBuildPhase section */
		27CD106E19CA94B60024315F /* Frameworks */ = {
			isa = PBXFrameworksBuildPhase;
			buildActionMask = 2147483647;
			files = (
				D501AC476C9C43E9A89D13EB /* libPods.a in Frameworks */,
			);
			runOnlyForDeploymentPostprocessing = 0;
		};
		27CD108719CA94B60024315F /* Frameworks */ = {
			isa = PBXFrameworksBuildPhase;
			buildActionMask = 2147483647;
			files = (
			);
			runOnlyForDeploymentPostprocessing = 0;
		};
/* End PBXFrameworksBuildPhase section */

/* Begin PBXGroup section */
		27180A8F19CFBD3900B02501 /* View */ = {
			isa = PBXGroup;
			children = (
				27180A8A19CFBD3100B02501 /* SearchResultCell.h */,
				27180A8B19CFBD3100B02501 /* SearchResultCell.m */,
				27180A8C19CFBD3100B02501 /* SearchResultCell.xib */,
			);
			name = View;
			sourceTree = "<group>";
		};
		27CD106819CA94B60024315F = {
			isa = PBXGroup;
			children = (
				27CD107319CA94B60024315F /* Yelp */,
				27CD108D19CA94B60024315F /* YelpTests */,
				27CD107219CA94B60024315F /* Products */,
				8E7291224479421499D5ECD1 /* Pods.xcconfig */,
				D47B47FE83ED4F3E85FC01BC /* Frameworks */,
			);
			sourceTree = "<group>";
		};
		27CD107219CA94B60024315F /* Products */ = {
			isa = PBXGroup;
			children = (
				27CD107119CA94B60024315F /* Yelp.app */,
				27CD108A19CA94B60024315F /* YelpTests.xctest */,
			);
			name = Products;
			sourceTree = "<group>";
		};
		27CD107319CA94B60024315F /* Yelp */ = {
			isa = PBXGroup;
			children = (
				27180A8F19CFBD3900B02501 /* View */,
				27CD109B19CA96E10024315F /* Model */,
				27CD109A19CA960D0024315F /* View Controllers */,
				27CD107819CA94B60024315F /* AppDelegate.h */,
				27CD107919CA94B60024315F /* AppDelegate.m */,
				27CD108119CA94B60024315F /* Images.xcassets */,
				27CD107419CA94B60024315F /* Supporting Files */,
			);
			path = Yelp;
			sourceTree = "<group>";
		};
		27CD107419CA94B60024315F /* Supporting Files */ = {
			isa = PBXGroup;
			children = (
				27CD107519CA94B60024315F /* Info.plist */,
				27CD107619CA94B60024315F /* main.m */,
			);
			name = "Supporting Files";
			sourceTree = "<group>";
		};
		27CD108D19CA94B60024315F /* YelpTests */ = {
			isa = PBXGroup;
			children = (
				27CD109019CA94B60024315F /* YelpTests.m */,
				27CD108E19CA94B60024315F /* Supporting Files */,
			);
			path = YelpTests;
			sourceTree = "<group>";
		};
		27CD108E19CA94B60024315F /* Supporting Files */ = {
			isa = PBXGroup;
			children = (
				27CD108F19CA94B60024315F /* Info.plist */,
			);
			name = "Supporting Files";
			sourceTree = "<group>";
		};
		27CD109A19CA960D0024315F /* View Controllers */ = {
			isa = PBXGroup;
			children = (
				27CD109F19CAA1CE0024315F /* SearchListViewController.h */,
				27CD10A019CAA1CE0024315F /* SearchListViewController.m */,
				27CD10A119CAA1CE0024315F /* SearchListViewController.xib */,
				27CD10A419CEB6EC0024315F /* FilterViewController.h */,
				27CD10A519CEB6EC0024315F /* FilterViewController.m */,
				27CD10A619CEB6EC0024315F /* FilterViewController.xib */,
				27180A9619D24EE000B02501 /* MapViewController.h */,
				27180A9719D24EE000B02501 /* MapViewController.m */,
				27180A9819D24EE000B02501 /* MapViewController.xib */,
			);
			name = "View Controllers";
			sourceTree = "<group>";
		};
		27CD109B19CA96E10024315F /* Model */ = {
			isa = PBXGroup;
			children = (
				27CD109C19CA97650024315F /* YelpClient.h */,
				27CD109D19CA97650024315F /* YelpClient.m */,
				27180A9019CFF21F00B02501 /* SearchResult.h */,
				27180A9119CFF21F00B02501 /* SearchResult.m */,
				27180A9319D1409200B02501 /* Filter.h */,
				27180A9419D1409200B02501 /* Filter.m */,
			);
			name = Model;
			sourceTree = "<group>";
		};
		D47B47FE83ED4F3E85FC01BC /* Frameworks */ = {
			isa = PBXGroup;
			children = (
				2BC1FC8BF8EB4CDE9E6DF83D /* libPods.a */,
			);
			name = Frameworks;
			sourceTree = "<group>";
		};
/* End PBXGroup section */

/* Begin PBXNativeTarget section */
		27CD107019CA94B60024315F /* Yelp */ = {
			isa = PBXNativeTarget;
			buildConfigurationList = 27CD109419CA94B60024315F /* Build configuration list for PBXNativeTarget "Yelp" */;
			buildPhases = (
				586F2CE66F504B1CA5CABC7A /* Check Pods Manifest.lock */,
				27CD106D19CA94B60024315F /* Sources */,
				27CD106E19CA94B60024315F /* Frameworks */,
				27CD106F19CA94B60024315F /* Resources */,
				78ECC53CDC28455CB3467461 /* Copy Pods Resources */,
			);
			buildRules = (
			);
			dependencies = (
			);
			name = Yelp;
			productName = Yelp;
			productReference = 27CD107119CA94B60024315F /* Yelp.app */;
			productType = "com.apple.product-type.application";
		};
		27CD108919CA94B60024315F /* YelpTests */ = {
			isa = PBXNativeTarget;
			buildConfigurationList = 27CD109719CA94B60024315F /* Build configuration list for PBXNativeTarget "YelpTests" */;
			buildPhases = (
				27CD108619CA94B60024315F /* Sources */,
				27CD108719CA94B60024315F /* Frameworks */,
				27CD108819CA94B60024315F /* Resources */,
			);
			buildRules = (
			);
			dependencies = (
				27CD108C19CA94B60024315F /* PBXTargetDependency */,
			);
			name = YelpTests;
			productName = YelpTests;
			productReference = 27CD108A19CA94B60024315F /* YelpTests.xctest */;
			productType = "com.apple.product-type.bundle.unit-test";
		};
/* End PBXNativeTarget section */

/* Begin PBXProject section */
		27CD106919CA94B60024315F /* Project object */ = {
			isa = PBXProject;
			attributes = {
				LastUpgradeCheck = 0600;
				ORGANIZATIONNAME = "Peiqi Zheng";
				TargetAttributes = {
					27CD107019CA94B60024315F = {
						CreatedOnToolsVersion = 6.0;
					};
					27CD108919CA94B60024315F = {
						CreatedOnToolsVersion = 6.0;
						TestTargetID = 27CD107019CA94B60024315F;
					};
				};
			};
			buildConfigurationList = 27CD106C19CA94B60024315F /* Build configuration list for PBXProject "Yelp" */;
			compatibilityVersion = "Xcode 3.2";
			developmentRegion = English;
			hasScannedForEncodings = 0;
			knownRegions = (
				en,
				Base,
			);
			mainGroup = 27CD106819CA94B60024315F;
			productRefGroup = 27CD107219CA94B60024315F /* Products */;
			projectDirPath = "";
			projectRoot = "";
			targets = (
				27CD107019CA94B60024315F /* Yelp */,
				27CD108919CA94B60024315F /* YelpTests */,
			);
		};
/* End PBXProject section */

/* Begin PBXResourcesBuildPhase section */
		27CD106F19CA94B60024315F /* Resources */ = {
			isa = PBXResourcesBuildPhase;
			buildActionMask = 2147483647;
			files = (
				27CD10A319CAA1CE0024315F /* SearchListViewController.xib in Resources */,
				27CD10A819CEB6EC0024315F /* FilterViewController.xib in Resources */,
				27180A8E19CFBD3100B02501 /* SearchResultCell.xib in Resources */,
				27180A9A19D24EE000B02501 /* MapViewController.xib in Resources */,
				27CD108219CA94B60024315F /* Images.xcassets in Resources */,
			);
			runOnlyForDeploymentPostprocessing = 0;
		};
		27CD108819CA94B60024315F /* Resources */ = {
			isa = PBXResourcesBuildPhase;
			buildActionMask = 2147483647;
			files = (
			);
			runOnlyForDeploymentPostprocessing = 0;
		};
/* End PBXResourcesBuildPhase section */

/* Begin PBXShellScriptBuildPhase section */
		586F2CE66F504B1CA5CABC7A /* Check Pods Manifest.lock */ = {
			isa = PBXShellScriptBuildPhase;
			buildActionMask = 2147483647;
			files = (
			);
			inputPaths = (
			);
			name = "Check Pods Manifest.lock";
			outputPaths = (
			);
			runOnlyForDeploymentPostprocessing = 0;
			shellPath = /bin/sh;
			shellScript = "diff \"${PODS_ROOT}/../Podfile.lock\" \"${PODS_ROOT}/Manifest.lock\" > /dev/null\nif [[ $? != 0 ]] ; then\n    cat << EOM\nerror: The sandbox is not in sync with the Podfile.lock. Run 'pod install' or update your CocoaPods installation.\nEOM\n    exit 1\nfi\n";
			showEnvVarsInLog = 0;
		};
		78ECC53CDC28455CB3467461 /* Copy Pods Resources */ = {
			isa = PBXShellScriptBuildPhase;
			buildActionMask = 2147483647;
			files = (
			);
			inputPaths = (
			);
			name = "Copy Pods Resources";
			outputPaths = (
			);
			runOnlyForDeploymentPostprocessing = 0;
			shellPath = /bin/sh;
			shellScript = "\"${SRCROOT}/Pods/Pods-resources.sh\"\n";
			showEnvVarsInLog = 0;
		};
/* End PBXShellScriptBuildPhase section */

/* Begin PBXSourcesBuildPhase section */
		27CD106D19CA94B60024315F /* Sources */ = {
			isa = PBXSourcesBuildPhase;
			buildActionMask = 2147483647;
			files = (
				27180A9219CFF21F00B02501 /* SearchResult.m in Sources */,
				27180A9519D1409200B02501 /* Filter.m in Sources */,
				27180A8D19CFBD3100B02501 /* SearchResultCell.m in Sources */,
				27180A9919D24EE000B02501 /* MapViewController.m in Sources */,
				27CD107A19CA94B60024315F /* AppDelegate.m in Sources */,
				27CD107719CA94B60024315F /* main.m in Sources */,
				27CD10A719CEB6EC0024315F /* FilterViewController.m in Sources */,
				27CD10A219CAA1CE0024315F /* SearchListViewController.m in Sources */,
				27CD109E19CA97650024315F /* YelpClient.m in Sources */,
			);
			runOnlyForDeploymentPostprocessing = 0;
		};
		27CD108619CA94B60024315F /* Sources */ = {
			isa = PBXSourcesBuildPhase;
			buildActionMask = 2147483647;
			files = (
				27CD109119CA94B60024315F /* YelpTests.m in Sources */,
			);
			runOnlyForDeploymentPostprocessing = 0;
		};
/* End PBXSourcesBuildPhase section */

/* Begin PBXTargetDependency section */
		27CD108C19CA94B60024315F /* PBXTargetDependency */ = {
			isa = PBXTargetDependency;
			target = 27CD107019CA94B60024315F /* Yelp */;
			targetProxy = 27CD108B19CA94B60024315F /* PBXContainerItemProxy */;
		};
/* End PBXTargetDependency section */

/* Begin XCBuildConfiguration section */
		27CD109219CA94B60024315F /* Debug */ = {
			isa = XCBuildConfiguration;
			buildSettings = {
				ALWAYS_SEARCH_USER_PATHS = NO;
				CLANG_CXX_LANGUAGE_STANDARD = "gnu++0x";
				CLANG_CXX_LIBRARY = "libc++";
				CLANG_ENABLE_MODULES = YES;
				CLANG_ENABLE_OBJC_ARC = YES;
				CLANG_WARN_BOOL_CONVERSION = YES;
				CLANG_WARN_CONSTANT_CONVERSION = YES;
				CLANG_WARN_DIRECT_OBJC_ISA_USAGE = YES_ERROR;
				CLANG_WARN_EMPTY_BODY = YES;
				CLANG_WARN_ENUM_CONVERSION = YES;
				CLANG_WARN_INT_CONVERSION = YES;
				CLANG_WARN_OBJC_ROOT_CLASS = YES_ERROR;
				CLANG_WARN_UNREACHABLE_CODE = YES;
				CLANG_WARN__DUPLICATE_METHOD_MATCH = YES;
				"CODE_SIGN_IDENTITY[sdk=iphoneos*]" = "iPhone Developer";
				COPY_PHASE_STRIP = NO;
				ENABLE_STRICT_OBJC_MSGSEND = YES;
				GCC_C_LANGUAGE_STANDARD = gnu99;
				GCC_DYNAMIC_NO_PIC = NO;
				GCC_OPTIMIZATION_LEVEL = 0;
				GCC_PREPROCESSOR_DEFINITIONS = (
					"DEBUG=1",
					"$(inherited)",
				);
				GCC_SYMBOLS_PRIVATE_EXTERN = NO;
				GCC_WARN_64_TO_32_BIT_CONVERSION = YES;
				GCC_WARN_ABOUT_RETURN_TYPE = YES_ERROR;
				GCC_WARN_UNDECLARED_SELECTOR = YES;
				GCC_WARN_UNINITIALIZED_AUTOS = YES_AGGRESSIVE;
				GCC_WARN_UNUSED_FUNCTION = YES;
				GCC_WARN_UNUSED_VARIABLE = YES;
				IPHONEOS_DEPLOYMENT_TARGET = 8.0;
				MTL_ENABLE_DEBUG_INFO = YES;
				ONLY_ACTIVE_ARCH = YES;
				SDKROOT = iphoneos;
			};
			name = Debug;
		};
		27CD109319CA94B60024315F /* Release */ = {
			isa = XCBuildConfiguration;
			buildSettings = {
				ALWAYS_SEARCH_USER_PATHS = NO;
				CLANG_CXX_LANGUAGE_STANDARD = "gnu++0x";
				CLANG_CXX_LIBRARY = "libc++";
				CLANG_ENABLE_MODULES = YES;
				CLANG_ENABLE_OBJC_ARC = YES;
				CLANG_WARN_BOOL_CONVERSION = YES;
				CLANG_WARN_CONSTANT_CONVERSION = YES;
				CLANG_WARN_DIRECT_OBJC_ISA_USAGE = YES_ERROR;
				CLANG_WARN_EMPTY_BODY = YES;
				CLANG_WARN_ENUM_CONVERSION = YES;
				CLANG_WARN_INT_CONVERSION = YES;
				CLANG_WARN_OBJC_ROOT_CLASS = YES_ERROR;
				CLANG_WARN_UNREACHABLE_CODE = YES;
				CLANG_WARN__DUPLICATE_METHOD_MATCH = YES;
				"CODE_SIGN_IDENTITY[sdk=iphoneos*]" = "iPhone Developer";
				COPY_PHASE_STRIP = YES;
				ENABLE_NS_ASSERTIONS = NO;
				ENABLE_STRICT_OBJC_MSGSEND = YES;
				GCC_C_LANGUAGE_STANDARD = gnu99;
				GCC_WARN_64_TO_32_BIT_CONVERSION = YES;
				GCC_WARN_ABOUT_RETURN_TYPE = YES_ERROR;
				GCC_WARN_UNDECLARED_SELECTOR = YES;
				GCC_WARN_UNINITIALIZED_AUTOS = YES_AGGRESSIVE;
				GCC_WARN_UNUSED_FUNCTION = YES;
				GCC_WARN_UNUSED_VARIABLE = YES;
				IPHONEOS_DEPLOYMENT_TARGET = 8.0;
				MTL_ENABLE_DEBUG_INFO = NO;
				SDKROOT = iphoneos;
				VALIDATE_PRODUCT = YES;
			};
			name = Release;
		};
		27CD109519CA94B60024315F /* Debug */ = {
			isa = XCBuildConfiguration;
			baseConfigurationReference = 8E7291224479421499D5ECD1 /* Pods.xcconfig */;
			buildSettings = {
				ASSETCATALOG_COMPILER_APPICON_NAME = AppIcon;
				ASSETCATALOG_COMPILER_LAUNCHIMAGE_NAME = LaunchImage;
				INFOPLIST_FILE = Yelp/Info.plist;
				IPHONEOS_DEPLOYMENT_TARGET = 7.0;
				LD_RUNPATH_SEARCH_PATHS = "$(inherited) @executable_path/Frameworks";
				PRODUCT_NAME = "$(TARGET_NAME)";
			};
			name = Debug;
		};
		27CD109619CA94B60024315F /* Release */ = {
			isa = XCBuildConfiguration;
			baseConfigurationReference = 8E7291224479421499D5ECD1 /* Pods.xcconfig */;
			buildSettings = {
				ASSETCATALOG_COMPILER_APPICON_NAME = AppIcon;
				ASSETCATALOG_COMPILER_LAUNCHIMAGE_NAME = LaunchImage;
				INFOPLIST_FILE = Yelp/Info.plist;
				IPHONEOS_DEPLOYMENT_TARGET = 7.0;
				LD_RUNPATH_SEARCH_PATHS = "$(inherited) @executable_path/Frameworks";
				PRODUCT_NAME = "$(TARGET_NAME)";
			};
			name = Release;
		};
		27CD109819CA94B60024315F /* Debug */ = {
			isa = XCBuildConfiguration;
			buildSettings = {
				BUNDLE_LOADER = "$(TEST_HOST)";
				FRAMEWORK_SEARCH_PATHS = (
					"$(SDKROOT)/Developer/Library/Frameworks",
					"$(inherited)",
				);
				GCC_PREPROCESSOR_DEFINITIONS = (
					"DEBUG=1",
					"$(inherited)",
				);
				INFOPLIST_FILE = YelpTests/Info.plist;
				LD_RUNPATH_SEARCH_PATHS = "$(inherited) @executable_path/Frameworks @loader_path/Frameworks";
				PRODUCT_NAME = "$(TARGET_NAME)";
				TEST_HOST = "$(BUILT_PRODUCTS_DIR)/Yelp.app/Yelp";
			};
			name = Debug;
		};
		27CD109919CA94B60024315F /* Release */ = {
			isa = XCBuildConfiguration;
			buildSettings = {
				BUNDLE_LOADER = "$(TEST_HOST)";
				FRAMEWORK_SEARCH_PATHS = (
					"$(SDKROOT)/Developer/Library/Frameworks",
					"$(inherited)",
				);
				INFOPLIST_FILE = YelpTests/Info.plist;
				LD_RUNPATH_SEARCH_PATHS = "$(inherited) @executable_path/Frameworks @loader_path/Frameworks";
				PRODUCT_NAME = "$(TARGET_NAME)";
				TEST_HOST = "$(BUILT_PRODUCTS_DIR)/Yelp.app/Yelp";
			};
			name = Release;
		};
/* End XCBuildConfiguration section */

/* Begin XCConfigurationList section */
		27CD106C19CA94B60024315F /* Build configuration list for PBXProject "Yelp" */ = {
			isa = XCConfigurationList;
			buildConfigurations = (
				27CD109219CA94B60024315F /* Debug */,
				27CD109319CA94B60024315F /* Release */,
			);
			defaultConfigurationIsVisible = 0;
			defaultConfigurationName = Release;
		};
		27CD109419CA94B60024315F /* Build configuration list for PBXNativeTarget "Yelp" */ = {
			isa = XCConfigurationList;
			buildConfigurations = (
				27CD109519CA94B60024315F /* Debug */,
				27CD109619CA94B60024315F /* Release */,
			);
			defaultConfigurationIsVisible = 0;
			defaultConfigurationName = Release;
		};
		27CD109719CA94B60024315F /* Build configuration list for PBXNativeTarget "YelpTests" */ = {
			isa = XCConfigurationList;
			buildConfigurations = (
				27CD109819CA94B60024315F /* Debug */,
				27CD109919CA94B60024315F /* Release */,
			);
			defaultConfigurationIsVisible = 0;
			defaultConfigurationName = Release;
		};
/* End XCConfigurationList section */
	};
	rootObject = 27CD106919CA94B60024315F /* Project object */;
}
