// !$*UTF8*$!
{
	archiveVersion = 1;
	classes = {
	};
	objectVersion = 46;
	objects = {

/* Begin PBXBuildFile section */
		27CD107719CA94B60024315F /* main.m in Sources */ = {isa = PBXBuildFile; fileRef = 27CD107619CA94B60024315F /* main.m */; };
		27CD107A19CA94B60024315F /* AppDelegate.m in Sources */ = {isa = PBXBuildFile; fileRef = 27CD107919CA94B60024315F /* AppDelegate.m */; };
		27CD107D19CA94B60024315F /* ViewController.m in Sources */ = {isa = PBXBuildFile; fileRef = 27CD107C19CA94B60024315F /* ViewController.m */; };
		27CD108019CA94B60024315F /* Main.storyboard in Resources */ = {isa = PBXBuildFile; fileRef = 27CD107E19CA94B60024315F /* Main.storyboard */; };
		27CD108219CA94B60024315F /* Images.xcassets in Resources */ = {isa = PBXBuildFile; fileRef = 27CD108119CA94B60024315F /* Images.xcassets */; };
		27CD108519CA94B60024315F /* LaunchScreen.xib in Resources */ = {isa = PBXBuildFile; fileRef = 27CD108319CA94B60024315F /* LaunchScreen.xib */; };
		27CD109119CA94B60024315F /* YelpTests.m in Sources */ = {isa = PBXBuildFile; fileRef = 27CD109019CA94B60024315F /* YelpTests.m */; };
/* End PBXBuildFile section */

/* Begin PBXContainerItemProxy section */
		27CD108B19CA94B60024315F /* PBXContainerItemProxy */ = {
			isa = PBXContainerItemProxy;
			containerPortal = 27CD106919CA94B60024315F /* Project object */;
			proxyType = 1;
			remoteGlobalIDString = 27CD107019CA94B60024315F;
			remoteInfo = Yelp;
		};
/* End PBXContainerItemProxy section */

/* Begin PBXFileReference section */
		27CD107119CA94B60024315F /* Yelp.app */ = {isa = PBXFileReference; explicitFileType = wrapper.application; includeInIndex = 0; path = Yelp.app; sourceTree = BUILT_PRODUCTS_DIR; };
		27CD107519CA94B60024315F /* Info.plist */ = {isa = PBXFileReference; lastKnownFileType = text.plist.xml; path = Info.plist; sourceTree = "<group>"; };
		27CD107619CA94B60024315F /* main.m */ = {isa = PBXFileReference; lastKnownFileType = sourcecode.c.objc; path = main.m; sourceTree = "<group>"; };
		27CD107819CA94B60024315F /* AppDelegate.h */ = {isa = PBXFileReference; lastKnownFileType = sourcecode.c.h; path = AppDelegate.h; sourceTree = "<group>"; };
		27CD107919CA94B60024315F /* AppDelegate.m */ = {isa = PBXFileReference; lastKnownFileType = sourcecode.c.objc; path = AppDelegate.m; sourceTree = "<group>"; };
		27CD107B19CA94B60024315F /* ViewController.h */ = {isa = PBXFileReference; lastKnownFileType = sourcecode.c.h; path = ViewController.h; sourceTree = "<group>"; };
		27CD107C19CA94B60024315F /* ViewController.m */ = {isa = PBXFileReference; lastKnownFileType = sourcecode.c.objc; path = ViewController.m; sourceTree = "<group>"; };
		27CD107F19CA94B60024315F /* Base */ = {isa = PBXFileReference; lastKnownFileType = file.storyboard; name = Base; path = Base.lproj/Main.storyboard; sourceTree = "<group>"; };
		27CD108119CA94B60024315F /* Images.xcassets */ = {isa = PBXFileReference; lastKnownFileType = folder.assetcatalog; path = Images.xcassets; sourceTree = "<group>"; };
		27CD108419CA94B60024315F /* Base */ = {isa = PBXFileReference; lastKnownFileType = file.xib; name = Base; path = Base.lproj/LaunchScreen.xib; sourceTree = "<group>"; };
		27CD108A19CA94B60024315F /* YelpTests.xctest */ = {isa = PBXFileReference; explicitFileType = wrapper.cfbundle; includeInIndex = 0; path = YelpTests.xctest; sourceTree = BUILT_PRODUCTS_DIR; };
		27CD108F19CA94B60024315F /* Info.plist */ = {isa = PBXFileReference; lastKnownFileType = text.plist.xml; path = Info.plist; sourceTree = "<group>"; };
		27CD109019CA94B60024315F /* YelpTests.m */ = {isa = PBXFileReference; lastKnownFileType = sourcecode.c.objc; path = YelpTests.m; sourceTree = "<group>"; };
/* End PBXFileReference section */

/* Begin PBXFrameworksBuildPhase section */
		27CD106E19CA94B60024315F /* Frameworks */ = {
			isa = PBXFrameworksBuildPhase;
			buildActionMask = 2147483647;
			files = (
			);
			runOnlyForDeploymentPostprocessing = 0;
		};
		27CD108719CA94B60024315F /* Frameworks */ = {
			isa = PBXFrameworksBuildPhase;
			buildActionMask = 2147483647;
			files = (
			);
			runOnlyForDeploymentPostprocessing = 0;
		};
/* End PBXFrameworksBuildPhase section */

/* Begin PBXGroup section */
		27CD106819CA94B60024315F = {
			isa = PBXGroup;
			children = (
				27CD107319CA94B60024315F /* Yelp */,
				27CD108D19CA94B60024315F /* YelpTests */,
				27CD107219CA94B60024315F /* Products */,
			);
			sourceTree = "<group>";
		};
		27CD107219CA94B60024315F /* Products */ = {
			isa = PBXGroup;
			children = (
				27CD107119CA94B60024315F /* Yelp.app */,
				27CD108A19CA94B60024315F /* YelpTests.xctest */,
			);
			name = Products;
			sourceTree = "<group>";
		};
		27CD107319CA94B60024315F /* Yelp */ = {
			isa = PBXGroup;
			children = (
				27CD107819CA94B60024315F /* AppDelegate.h */,
				27CD107919CA94B60024315F /* AppDelegate.m */,
				27CD107B19CA94B60024315F /* ViewController.h */,
				27CD107C19CA94B60024315F /* ViewController.m */,
				27CD107E19CA94B60024315F /* Main.storyboard */,
				27CD108119CA94B60024315F /* Images.xcassets */,
				27CD108319CA94B60024315F /* LaunchScreen.xib */,
				27CD107419CA94B60024315F /* Supporting Files */,
			);
			path = Yelp;
			sourceTree = "<group>";
		};
		27CD107419CA94B60024315F /* Supporting Files */ = {
			isa = PBXGroup;
			children = (
				27CD107519CA94B60024315F /* Info.plist */,
				27CD107619CA94B60024315F /* main.m */,
			);
			name = "Supporting Files";
			sourceTree = "<group>";
		};
		27CD108D19CA94B60024315F /* YelpTests */ = {
			isa = PBXGroup;
			children = (
				27CD109019CA94B60024315F /* YelpTests.m */,
				27CD108E19CA94B60024315F /* Supporting Files */,
			);
			path = YelpTests;
			sourceTree = "<group>";
		};
		27CD108E19CA94B60024315F /* Supporting Files */ = {
			isa = PBXGroup;
			children = (
				27CD108F19CA94B60024315F /* Info.plist */,
			);
			name = "Supporting Files";
			sourceTree = "<group>";
		};
/* End PBXGroup section */

/* Begin PBXNativeTarget section */
		27CD107019CA94B60024315F /* Yelp */ = {
			isa = PBXNativeTarget;
			buildConfigurationList = 27CD109419CA94B60024315F /* Build configuration list for PBXNativeTarget "Yelp" */;
			buildPhases = (
				27CD106D19CA94B60024315F /* Sources */,
				27CD106E19CA94B60024315F /* Frameworks */,
				27CD106F19CA94B60024315F /* Resources */,
			);
			buildRules = (
			);
			dependencies = (
			);
			name = Yelp;
			productName = Yelp;
			productReference = 27CD107119CA94B60024315F /* Yelp.app */;
			productType = "com.apple.product-type.application";
		};
		27CD108919CA94B60024315F /* YelpTests */ = {
			isa = PBXNativeTarget;
			buildConfigurationList = 27CD109719CA94B60024315F /* Build configuration list for PBXNativeTarget "YelpTests" */;
			buildPhases = (
				27CD108619CA94B60024315F /* Sources */,
				27CD108719CA94B60024315F /* Frameworks */,
				27CD108819CA94B60024315F /* Resources */,
			);
			buildRules = (
			);
			dependencies = (
				27CD108C19CA94B60024315F /* PBXTargetDependency */,
			);
			name = YelpTests;
			productName = YelpTests;
			productReference = 27CD108A19CA94B60024315F /* YelpTests.xctest */;
			productType = "com.apple.product-type.bundle.unit-test";
		};
/* End PBXNativeTarget section */

/* Begin PBXProject section */
		27CD106919CA94B60024315F /* Project object */ = {
			isa = PBXProject;
			attributes = {
				LastUpgradeCheck = 0600;
				ORGANIZATIONNAME = "Peiqi Zheng";
				TargetAttributes = {
					27CD107019CA94B60024315F = {
						CreatedOnToolsVersion = 6.0;
					};
					27CD108919CA94B60024315F = {
						CreatedOnToolsVersion = 6.0;
						TestTargetID = 27CD107019CA94B60024315F;
					};
				};
			};
			buildConfigurationList = 27CD106C19CA94B60024315F /* Build configuration list for PBXProject "Yelp" */;
			compatibilityVersion = "Xcode 3.2";
			developmentRegion = English;
			hasScannedForEncodings = 0;
			knownRegions = (
				en,
				Base,
			);
			mainGroup = 27CD106819CA94B60024315F;
			productRefGroup = 27CD107219CA94B60024315F /* Products */;
			projectDirPath = "";
			projectRoot = "";
			targets = (
				27CD107019CA94B60024315F /* Yelp */,
				27CD108919CA94B60024315F /* YelpTests */,
			);
		};
/* End PBXProject section */

/* Begin PBXResourcesBuildPhase section */
		27CD106F19CA94B60024315F /* Resources */ = {
			isa = PBXResourcesBuildPhase;
			buildActionMask = 2147483647;
			files = (
				27CD108019CA94B60024315F /* Main.storyboard in Resources */,
				27CD108519CA94B60024315F /* LaunchScreen.xib in Resources */,
				27CD108219CA94B60024315F /* Images.xcassets in Resources */,
			);
			runOnlyForDeploymentPostprocessing = 0;
		};
		27CD108819CA94B60024315F /* Resources */ = {
			isa = PBXResourcesBuildPhase;
			buildActionMask = 2147483647;
			files = (
			);
			runOnlyForDeploymentPostprocessing = 0;
		};
/* End PBXResourcesBuildPhase section */

/* Begin PBXSourcesBuildPhase section */
		27CD106D19CA94B60024315F /* Sources */ = {
			isa = PBXSourcesBuildPhase;
			buildActionMask = 2147483647;
			files = (
				27CD107D19CA94B60024315F /* ViewController.m in Sources */,
				27CD107A19CA94B60024315F /* AppDelegate.m in Sources */,
				27CD107719CA94B60024315F /* main.m in Sources */,
			);
			runOnlyForDeploymentPostprocessing = 0;
		};
		27CD108619CA94B60024315F /* Sources */ = {
			isa = PBXSourcesBuildPhase;
			buildActionMask = 2147483647;
			files = (
				27CD109119CA94B60024315F /* YelpTests.m in Sources */,
			);
			runOnlyForDeploymentPostprocessing = 0;
		};
/* End PBXSourcesBuildPhase section */

/* Begin PBXTargetDependency section */
		27CD108C19CA94B60024315F /* PBXTargetDependency */ = {
			isa = PBXTargetDependency;
			target = 27CD107019CA94B60024315F /* Yelp */;
			targetProxy = 27CD108B19CA94B60024315F /* PBXContainerItemProxy */;
		};
/* End PBXTargetDependency section */

/* Begin PBXVariantGroup section */
		27CD107E19CA94B60024315F /* Main.storyboard */ = {
			isa = PBXVariantGroup;
			children = (
				27CD107F19CA94B60024315F /* Base */,
			);
			name = Main.storyboard;
			sourceTree = "<group>";
		};
		27CD108319CA94B60024315F /* LaunchScreen.xib */ = {
			isa = PBXVariantGroup;
			children = (
				27CD108419CA94B60024315F /* Base */,
			);
			name = LaunchScreen.xib;
			sourceTree = "<group>";
		};
/* End PBXVariantGroup section */

/* Begin XCBuildConfiguration section */
		27CD109219CA94B60024315F /* Debug */ = {
			isa = XCBuildConfiguration;
			buildSettings = {
				ALWAYS_SEARCH_USER_PATHS = NO;
				CLANG_CXX_LANGUAGE_STANDARD = "gnu++0x";
				CLANG_CXX_LIBRARY = "libc++";
				CLANG_ENABLE_MODULES = YES;
				CLANG_ENABLE_OBJC_ARC = YES;
				CLANG_WARN_BOOL_CONVERSION = YES;
				CLANG_WARN_CONSTANT_CONVERSION = YES;
				CLANG_WARN_DIRECT_OBJC_ISA_USAGE = YES_ERROR;
				CLANG_WARN_EMPTY_BODY = YES;
				CLANG_WARN_ENUM_CONVERSION = YES;
				CLANG_WARN_INT_CONVERSION = YES;
				CLANG_WARN_OBJC_ROOT_CLASS = YES_ERROR;
				CLANG_WARN_UNREACHABLE_CODE = YES;
				CLANG_WARN__DUPLICATE_METHOD_MATCH = YES;
				"CODE_SIGN_IDENTITY[sdk=iphoneos*]" = "iPhone Developer";
				COPY_PHASE_STRIP = NO;
				ENABLE_STRICT_OBJC_MSGSEND = YES;
				GCC_C_LANGUAGE_STANDARD = gnu99;
				GCC_DYNAMIC_NO_PIC = NO;
				GCC_OPTIMIZATION_LEVEL = 0;
				GCC_PREPROCESSOR_DEFINITIONS = (
					"DEBUG=1",
					"$(inherited)",
				);
				GCC_SYMBOLS_PRIVATE_EXTERN = NO;
				GCC_WARN_64_TO_32_BIT_CONVERSION = YES;
				GCC_WARN_ABOUT_RETURN_TYPE = YES_ERROR;
				GCC_WARN_UNDECLARED_SELECTOR = YES;
				GCC_WARN_UNINITIALIZED_AUTOS = YES_AGGRESSIVE;
				GCC_WARN_UNUSED_FUNCTION = YES;
				GCC_WARN_UNUSED_VARIABLE = YES;
				IPHONEOS_DEPLOYMENT_TARGET = 8.0;
				MTL_ENABLE_DEBUG_INFO = YES;
				ONLY_ACTIVE_ARCH = YES;
				SDKROOT = iphoneos;
			};
			name = Debug;
		};
		27CD109319CA94B60024315F /* Release */ = {
			isa = XCBuildConfiguration;
			buildSettings = {
				ALWAYS_SEARCH_USER_PATHS = NO;
				CLANG_CXX_LANGUAGE_STANDARD = "gnu++0x";
				CLANG_CXX_LIBRARY = "libc++";
				CLANG_ENABLE_MODULES = YES;
				CLANG_ENABLE_OBJC_ARC = YES;
				CLANG_WARN_BOOL_CONVERSION = YES;
				CLANG_WARN_CONSTANT_CONVERSION = YES;
				CLANG_WARN_DIRECT_OBJC_ISA_USAGE = YES_ERROR;
				CLANG_WARN_EMPTY_BODY = YES;
				CLANG_WARN_ENUM_CONVERSION = YES;
				CLANG_WARN_INT_CONVERSION = YES;
				CLANG_WARN_OBJC_ROOT_CLASS = YES_ERROR;
				CLANG_WARN_UNREACHABLE_CODE = YES;
				CLANG_WARN__DUPLICATE_METHOD_MATCH = YES;
				"CODE_SIGN_IDENTITY[sdk=iphoneos*]" = "iPhone Developer";
				COPY_PHASE_STRIP = YES;
				ENABLE_NS_ASSERTIONS = NO;
				ENABLE_STRICT_OBJC_MSGSEND = YES;
				GCC_C_LANGUAGE_STANDARD = gnu99;
				GCC_WARN_64_TO_32_BIT_CONVERSION = YES;
				GCC_WARN_ABOUT_RETURN_TYPE = YES_ERROR;
				GCC_WARN_UNDECLARED_SELECTOR = YES;
				GCC_WARN_UNINITIALIZED_AUTOS = YES_AGGRESSIVE;
				GCC_WARN_UNUSED_FUNCTION = YES;
				GCC_WARN_UNUSED_VARIABLE = YES;
				IPHONEOS_DEPLOYMENT_TARGET = 8.0;
				MTL_ENABLE_DEBUG_INFO = NO;
				SDKROOT = iphoneos;
				VALIDATE_PRODUCT = YES;
			};
			name = Release;
		};
		27CD109519CA94B60024315F /* Debug */ = {
			isa = XCBuildConfiguration;
			buildSettings = {
				ASSETCATALOG_COMPILER_APPICON_NAME = AppIcon;
				INFOPLIST_FILE = Yelp/Info.plist;
				LD_RUNPATH_SEARCH_PATHS = "$(inherited) @executable_path/Frameworks";
				PRODUCT_NAME = "$(TARGET_NAME)";
			};
			name = Debug;
		};
		27CD109619CA94B60024315F /* Release */ = {
			isa = XCBuildConfiguration;
			buildSettings = {
				ASSETCATALOG_COMPILER_APPICON_NAME = AppIcon;
				INFOPLIST_FILE = Yelp/Info.plist;
				LD_RUNPATH_SEARCH_PATHS = "$(inherited) @executable_path/Frameworks";
				PRODUCT_NAME = "$(TARGET_NAME)";
			};
			name = Release;
		};
		27CD109819CA94B60024315F /* Debug */ = {
			isa = XCBuildConfiguration;
			buildSettings = {
				BUNDLE_LOADER = "$(TEST_HOST)";
				FRAMEWORK_SEARCH_PATHS = (
					"$(SDKROOT)/Developer/Library/Frameworks",
					"$(inherited)",
				);
				GCC_PREPROCESSOR_DEFINITIONS = (
					"DEBUG=1",
					"$(inherited)",
				);
				INFOPLIST_FILE = YelpTests/Info.plist;
				LD_RUNPATH_SEARCH_PATHS = "$(inherited) @executable_path/Frameworks @loader_path/Frameworks";
				PRODUCT_NAME = "$(TARGET_NAME)";
				TEST_HOST = "$(BUILT_PRODUCTS_DIR)/Yelp.app/Yelp";
			};
			name = Debug;
		};
		27CD109919CA94B60024315F /* Release */ = {
			isa = XCBuildConfiguration;
			buildSettings = {
				BUNDLE_LOADER = "$(TEST_HOST)";
				FRAMEWORK_SEARCH_PATHS = (
					"$(SDKROOT)/Developer/Library/Frameworks",
					"$(inherited)",
				);
				INFOPLIST_FILE = YelpTests/Info.plist;
				LD_RUNPATH_SEARCH_PATHS = "$(inherited) @executable_path/Frameworks @loader_path/Frameworks";
				PRODUCT_NAME = "$(TARGET_NAME)";
				TEST_HOST = "$(BUILT_PRODUCTS_DIR)/Yelp.app/Yelp";
			};
			name = Release;
		};
/* End XCBuildConfiguration section */

/* Begin XCConfigurationList section */
		27CD106C19CA94B60024315F /* Build configuration list for PBXProject "Yelp" */ = {
			isa = XCConfigurationList;
			buildConfigurations = (
				27CD109219CA94B60024315F /* Debug */,
				27CD109319CA94B60024315F /* Release */,
			);
			defaultConfigurationIsVisible = 0;
			defaultConfigurationName = Release;
		};
		27CD109419CA94B60024315F /* Build configuration list for PBXNativeTarget "Yelp" */ = {
			isa = XCConfigurationList;
			buildConfigurations = (
				27CD109519CA94B60024315F /* Debug */,
				27CD109619CA94B60024315F /* Release */,
			);
			defaultConfigurationIsVisible = 0;
		};
		27CD109719CA94B60024315F /* Build configuration list for PBXNativeTarget "YelpTests" */ = {
			isa = XCConfigurationList;
			buildConfigurations = (
				27CD109819CA94B60024315F /* Debug */,
				27CD109919CA94B60024315F /* Release */,
			);
			defaultConfigurationIsVisible = 0;
		};
/* End XCConfigurationList section */
	};
	rootObject = 27CD106919CA94B60024315F /* Project object */;
}
